<?xml version="1.0" encoding="utf-8"?>
<Project ToolsVersion="4.0" xmlns="http://schemas.microsoft.com/developer/msbuild/2003">
  <ItemGroup>
    <Filter Include="CU">
      <UniqueIdentifier>{3D735900-29FF-870B-92AD-880B7E58880B}</UniqueIdentifier>
    </Filter>
  </ItemGroup>
  <ItemGroup>
    <ClInclude Include="CU\Input.h">
      <Filter>CU</Filter>
    </ClInclude>
    <ClInclude Include="CU\Matrix3x3.hpp">
      <Filter>CU</Filter>
    </ClInclude>
    <ClInclude Include="CU\Matrix4x4.hpp">
      <Filter>CU</Filter>
    </ClInclude>
    <ClInclude Include="CU\Quaternion.h">
      <Filter>CU</Filter>
    </ClInclude>
    <ClInclude Include="CU\Random.hpp">
      <Filter>CU</Filter>
    </ClInclude>
    <ClInclude Include="CU\Timer.h">
      <Filter>CU</Filter>
    </ClInclude>
    <ClInclude Include="CU\UtilityFunctions.hpp">
      <Filter>CU</Filter>
    </ClInclude>
    <ClInclude Include="CU\Vector2.hpp">
      <Filter>CU</Filter>
    </ClInclude>
    <ClInclude Include="CU\Vector3.hpp">
      <Filter>CU</Filter>
    </ClInclude>
    <ClInclude Include="CU\Vector4.hpp">
      <Filter>CU</Filter>
    </ClInclude>
    <ClInclude Include="Camera.h" />
    <ClInclude Include="GraphicsEngine.h" />
    <ClInclude Include="Primitive.h" />
    <ClInclude Include="Vertex.h" />
  </ItemGroup>
  <ItemGroup>
    <ClCompile Include="CU\Input.cpp">
      <Filter>CU</Filter>
    </ClCompile>
    <ClCompile Include="CU\Random.cpp">
      <Filter>CU</Filter>
    </ClCompile>
    <ClCompile Include="Camera.cpp" />
    <ClCompile Include="GraphicsEngine.cpp" />
    <ClCompile Include="Primitive.cpp" />
    <ClCompile Include="main.cpp" />
  </ItemGroup>
  <ItemGroup>
    <FxCompile Include="Color_PS.hlsl" />
    <FxCompile Include="Color_VS.hlsl" />
    <FxCompile Include="Coolsinwave_PS.hlsl" />
  </ItemGroup>
</Project>