<?xml version="1.0" encoding="utf-8"?>
<Project ToolsVersion="4.0" xmlns="http://schemas.microsoft.com/developer/msbuild/2003">
  <ItemGroup>
    <Filter Include="external">
      <UniqueIdentifier>{2839F3DC-1406-4EE8-3D1F-3C90294B8376}</UniqueIdentifier>
    </Filter>
    <Filter Include="external\directxtex">
      <UniqueIdentifier>{DBDE842F-4740-623D-D0AD-A8EF3C0E99FC}</UniqueIdentifier>
    </Filter>
    <Filter Include="external\directxtex\DDSTextureLoader">
      <UniqueIdentifier>{CDE4298D-B9CB-EB84-621C-52A24EE264EB}</UniqueIdentifier>
    </Filter>
    <Filter Include="external\directxtex\DDSView">
      <UniqueIdentifier>{C073337B-2C81-6161-B567-5D4C21742D18}</UniqueIdentifier>
    </Filter>
    <Filter Include="external\directxtex\DDSView\shaders">
      <UniqueIdentifier>{B9F07630-25AA-E1DA-AE09-FCB41AC2974A}</UniqueIdentifier>
    </Filter>
    <Filter Include="external\directxtex\DirectXTex">
      <UniqueIdentifier>{4E766BB9-3A9C-3520-23E2-BAEB0FA75AEC}</UniqueIdentifier>
    </Filter>
    <Filter Include="external\directxtex\DirectXTex\Shaders">
      <UniqueIdentifier>{2709501D-135B-270D-FC79-641DE86A40F6}</UniqueIdentifier>
    </Filter>
    <Filter Include="external\directxtex\ScreenGrab">
      <UniqueIdentifier>{063C543F-F261-1EA6-DBA7-A371C76C4372}</UniqueIdentifier>
    </Filter>
    <Filter Include="external\directxtex\Texassemble">
      <UniqueIdentifier>{A72BA604-130F-B544-1C12-E38088747B95}</UniqueIdentifier>
    </Filter>
    <Filter Include="external\directxtex\Texconv">
      <UniqueIdentifier>{D142769A-3D50-A480-C636-A06B32437037}</UniqueIdentifier>
    </Filter>
    <Filter Include="external\directxtex\Texdiag">
      <UniqueIdentifier>{F0B3769A-5CC1-A480-E5A7-A06B51B47037}</UniqueIdentifier>
    </Filter>
    <Filter Include="external\directxtex\WICTextureLoader">
      <UniqueIdentifier>{353F7DF1-2126-3FE9-CA76-A506B63CB84F}</UniqueIdentifier>
    </Filter>
    <Filter Include="source">
      <UniqueIdentifier>{76FF3A1C-62A1-65F2-4B5C-7946379DEC42}</UniqueIdentifier>
    </Filter>
    <Filter Include="source\CU">
      <UniqueIdentifier>{9D2410F6-098F-C46C-52CD-7512BE76A2C1}</UniqueIdentifier>
    </Filter>
  </ItemGroup>
  <ItemGroup>
    <ClInclude Include="..\external\directxtex\DDSTextureLoader\DDSTextureLoader11.h">
      <Filter>external\directxtex\DDSTextureLoader</Filter>
    </ClInclude>
    <ClInclude Include="..\external\directxtex\DDSTextureLoader\DDSTextureLoader12.h">
      <Filter>external\directxtex\DDSTextureLoader</Filter>
    </ClInclude>
    <ClInclude Include="..\external\directxtex\DDSTextureLoader\DDSTextureLoader9.h">
      <Filter>external\directxtex\DDSTextureLoader</Filter>
    </ClInclude>
    <ClInclude Include="..\external\directxtex\DDSView\shaders\ps1D.h">
      <Filter>external\directxtex\DDSView\shaders</Filter>
    </ClInclude>
    <ClInclude Include="..\external\directxtex\DDSView\shaders\ps1Darray.h">
      <Filter>external\directxtex\DDSView\shaders</Filter>
    </ClInclude>
    <ClInclude Include="..\external\directxtex\DDSView\shaders\ps2D.h">
      <Filter>external\directxtex\DDSView\shaders</Filter>
    </ClInclude>
    <ClInclude Include="..\external\directxtex\DDSView\shaders\ps2Darray.h">
      <Filter>external\directxtex\DDSView\shaders</Filter>
    </ClInclude>
    <ClInclude Include="..\external\directxtex\DDSView\shaders\ps3D.h">
      <Filter>external\directxtex\DDSView\shaders</Filter>
    </ClInclude>
    <ClInclude Include="..\external\directxtex\DDSView\shaders\psCube.h">
      <Filter>external\directxtex\DDSView\shaders</Filter>
    </ClInclude>
    <ClInclude Include="..\external\directxtex\DDSView\shaders\vs.h">
      <Filter>external\directxtex\DDSView\shaders</Filter>
    </ClInclude>
    <ClInclude Include="..\external\directxtex\DirectXTex\BC.h">
      <Filter>external\directxtex\DirectXTex</Filter>
    </ClInclude>
    <ClInclude Include="..\external\directxtex\DirectXTex\BCDirectCompute.h">
      <Filter>external\directxtex\DirectXTex</Filter>
    </ClInclude>
    <ClInclude Include="..\external\directxtex\DirectXTex\DDS.h">
      <Filter>external\directxtex\DirectXTex</Filter>
    </ClInclude>
    <ClInclude Include="..\external\directxtex\DirectXTex\DirectXTex.h">
      <Filter>external\directxtex\DirectXTex</Filter>
    </ClInclude>
    <ClInclude Include="..\external\directxtex\DirectXTex\DirectXTexP.h">
      <Filter>external\directxtex\DirectXTex</Filter>
    </ClInclude>
    <ClInclude Include="..\external\directxtex\DirectXTex\d3dx12.h">
      <Filter>external\directxtex\DirectXTex</Filter>
    </ClInclude>
    <ClInclude Include="..\external\directxtex\DirectXTex\filters.h">
      <Filter>external\directxtex\DirectXTex</Filter>
    </ClInclude>
    <ClInclude Include="..\external\directxtex\DirectXTex\scoped.h">
      <Filter>external\directxtex\DirectXTex</Filter>
    </ClInclude>
    <ClInclude Include="..\external\directxtex\ScreenGrab\ScreenGrab11.h">
      <Filter>external\directxtex\ScreenGrab</Filter>
    </ClInclude>
    <ClInclude Include="..\external\directxtex\ScreenGrab\ScreenGrab12.h">
      <Filter>external\directxtex\ScreenGrab</Filter>
    </ClInclude>
    <ClInclude Include="..\external\directxtex\ScreenGrab\ScreenGrab9.h">
      <Filter>external\directxtex\ScreenGrab</Filter>
    </ClInclude>
    <ClInclude Include="..\external\directxtex\WICTextureLoader\WICTextureLoader11.h">
      <Filter>external\directxtex\WICTextureLoader</Filter>
    </ClInclude>
    <ClInclude Include="..\external\directxtex\WICTextureLoader\WICTextureLoader12.h">
      <Filter>external\directxtex\WICTextureLoader</Filter>
    </ClInclude>
    <ClInclude Include="..\external\directxtex\WICTextureLoader\WICTextureLoader9.h">
      <Filter>external\directxtex\WICTextureLoader</Filter>
    </ClInclude>
    <ClInclude Include="..\source\CU\Input.h">
      <Filter>source\CU</Filter>
    </ClInclude>
    <ClInclude Include="..\source\CU\Matrix3x3.hpp">
      <Filter>source\CU</Filter>
    </ClInclude>
    <ClInclude Include="..\source\CU\Matrix4x4.hpp">
      <Filter>source\CU</Filter>
    </ClInclude>
    <ClInclude Include="..\source\CU\Quaternion.h">
      <Filter>source\CU</Filter>
    </ClInclude>
    <ClInclude Include="..\source\CU\Random.hpp">
      <Filter>source\CU</Filter>
    </ClInclude>
    <ClInclude Include="..\source\CU\Timer.h">
      <Filter>source\CU</Filter>
    </ClInclude>
    <ClInclude Include="..\source\CU\UtilityFunctions.hpp">
      <Filter>source\CU</Filter>
    </ClInclude>
    <ClInclude Include="..\source\CU\Vector2.hpp">
      <Filter>source\CU</Filter>
    </ClInclude>
    <ClInclude Include="..\source\CU\Vector3.hpp">
      <Filter>source\CU</Filter>
    </ClInclude>
    <ClInclude Include="..\source\CU\Vector4.hpp">
      <Filter>source\CU</Filter>
    </ClInclude>
    <ClInclude Include="..\source\Camera.h">
      <Filter>source</Filter>
    </ClInclude>
    <ClInclude Include="..\source\GraphicsEngine.h">
      <Filter>source</Filter>
    </ClInclude>
    <ClInclude Include="..\source\Light.h">
      <Filter>source</Filter>
    </ClInclude>
    <ClInclude Include="..\source\Primitive.h">
      <Filter>source</Filter>
    </ClInclude>
    <ClInclude Include="..\source\RenderTarget.h">
      <Filter>source</Filter>
    </ClInclude>
    <ClInclude Include="..\source\Texture.h">
      <Filter>source</Filter>
    </ClInclude>
    <ClInclude Include="..\source\TextureTypes.h">
      <Filter>source</Filter>
    </ClInclude>
    <ClInclude Include="..\source\Vertex.h">
      <Filter>source</Filter>
    </ClInclude>
    <ClInclude Include="..\source\stb_image.h">
      <Filter>source</Filter>
    </ClInclude>
  </ItemGroup>
  <ItemGroup>
    <ClCompile Include="..\external\directxtex\DDSTextureLoader\DDSTextureLoader11.cpp">
      <Filter>external\directxtex\DDSTextureLoader</Filter>
    </ClCompile>
    <ClCompile Include="..\external\directxtex\DDSTextureLoader\DDSTextureLoader12.cpp">
      <Filter>external\directxtex\DDSTextureLoader</Filter>
    </ClCompile>
    <ClCompile Include="..\external\directxtex\DDSTextureLoader\DDSTextureLoader9.cpp">
      <Filter>external\directxtex\DDSTextureLoader</Filter>
    </ClCompile>
    <ClCompile Include="..\external\directxtex\DDSView\ddsview.cpp">
      <Filter>external\directxtex\DDSView</Filter>
    </ClCompile>
    <ClCompile Include="..\external\directxtex\DirectXTex\BC.cpp">
      <Filter>external\directxtex\DirectXTex</Filter>
    </ClCompile>
    <ClCompile Include="..\external\directxtex\DirectXTex\BC4BC5.cpp">
      <Filter>external\directxtex\DirectXTex</Filter>
    </ClCompile>
    <ClCompile Include="..\external\directxtex\DirectXTex\BC6HBC7.cpp">
      <Filter>external\directxtex\DirectXTex</Filter>
    </ClCompile>
    <ClCompile Include="..\external\directxtex\DirectXTex\BCDirectCompute.cpp">
      <Filter>external\directxtex\DirectXTex</Filter>
    </ClCompile>
    <ClCompile Include="..\external\directxtex\DirectXTex\DirectXTexCompress.cpp">
      <Filter>external\directxtex\DirectXTex</Filter>
    </ClCompile>
    <ClCompile Include="..\external\directxtex\DirectXTex\DirectXTexCompressGPU.cpp">
      <Filter>external\directxtex\DirectXTex</Filter>
    </ClCompile>
    <ClCompile Include="..\external\directxtex\DirectXTex\DirectXTexConvert.cpp">
      <Filter>external\directxtex\DirectXTex</Filter>
    </ClCompile>
    <ClCompile Include="..\external\directxtex\DirectXTex\DirectXTexD3D11.cpp">
      <Filter>external\directxtex\DirectXTex</Filter>
    </ClCompile>
    <ClCompile Include="..\external\directxtex\DirectXTex\DirectXTexD3D12.cpp">
      <Filter>external\directxtex\DirectXTex</Filter>
    </ClCompile>
    <ClCompile Include="..\external\directxtex\DirectXTex\DirectXTexDDS.cpp">
      <Filter>external\directxtex\DirectXTex</Filter>
    </ClCompile>
    <ClCompile Include="..\external\directxtex\DirectXTex\DirectXTexFlipRotate.cpp">
      <Filter>external\directxtex\DirectXTex</Filter>
    </ClCompile>
    <ClCompile Include="..\external\directxtex\DirectXTex\DirectXTexHDR.cpp">
      <Filter>external\directxtex\DirectXTex</Filter>
    </ClCompile>
    <ClCompile Include="..\external\directxtex\DirectXTex\DirectXTexImage.cpp">
      <Filter>external\directxtex\DirectXTex</Filter>
    </ClCompile>
    <ClCompile Include="..\external\directxtex\DirectXTex\DirectXTexMipmaps.cpp">
      <Filter>external\directxtex\DirectXTex</Filter>
    </ClCompile>
    <ClCompile Include="..\external\directxtex\DirectXTex\DirectXTexMisc.cpp">
      <Filter>external\directxtex\DirectXTex</Filter>
    </ClCompile>
    <ClCompile Include="..\external\directxtex\DirectXTex\DirectXTexNormalMaps.cpp">
      <Filter>external\directxtex\DirectXTex</Filter>
    </ClCompile>
    <ClCompile Include="..\external\directxtex\DirectXTex\DirectXTexPMAlpha.cpp">
      <Filter>external\directxtex\DirectXTex</Filter>
    </ClCompile>
    <ClCompile Include="..\external\directxtex\DirectXTex\DirectXTexResize.cpp">
      <Filter>external\directxtex\DirectXTex</Filter>
    </ClCompile>
    <ClCompile Include="..\external\directxtex\DirectXTex\DirectXTexTGA.cpp">
      <Filter>external\directxtex\DirectXTex</Filter>
    </ClCompile>
    <ClCompile Include="..\external\directxtex\DirectXTex\DirectXTexUtil.cpp">
      <Filter>external\directxtex\DirectXTex</Filter>
    </ClCompile>
    <ClCompile Include="..\external\directxtex\DirectXTex\DirectXTexWIC.cpp">
      <Filter>external\directxtex\DirectXTex</Filter>
    </ClCompile>
    <ClCompile Include="..\external\directxtex\ScreenGrab\ScreenGrab11.cpp">
      <Filter>external\directxtex\ScreenGrab</Filter>
    </ClCompile>
    <ClCompile Include="..\external\directxtex\ScreenGrab\ScreenGrab12.cpp">
      <Filter>external\directxtex\ScreenGrab</Filter>
    </ClCompile>
    <ClCompile Include="..\external\directxtex\ScreenGrab\ScreenGrab9.cpp">
      <Filter>external\directxtex\ScreenGrab</Filter>
    </ClCompile>
    <ClCompile Include="..\external\directxtex\Texassemble\AnimatedGif.cpp">
      <Filter>external\directxtex\Texassemble</Filter>
    </ClCompile>
    <ClCompile Include="..\external\directxtex\Texassemble\texassemble.cpp">
      <Filter>external\directxtex\Texassemble</Filter>
    </ClCompile>
    <ClCompile Include="..\external\directxtex\Texconv\ExtendedBMP.cpp">
      <Filter>external\directxtex\Texconv</Filter>
    </ClCompile>
    <ClCompile Include="..\external\directxtex\Texconv\PortablePixMap.cpp">
      <Filter>external\directxtex\Texconv</Filter>
    </ClCompile>
    <ClCompile Include="..\external\directxtex\Texconv\texconv.cpp">
      <Filter>external\directxtex\Texconv</Filter>
    </ClCompile>
    <ClCompile Include="..\external\directxtex\Texdiag\texdiag.cpp">
      <Filter>external\directxtex\Texdiag</Filter>
    </ClCompile>
    <ClCompile Include="..\external\directxtex\WICTextureLoader\WICTextureLoader11.cpp">
      <Filter>external\directxtex\WICTextureLoader</Filter>
    </ClCompile>
    <ClCompile Include="..\external\directxtex\WICTextureLoader\WICTextureLoader12.cpp">
      <Filter>external\directxtex\WICTextureLoader</Filter>
    </ClCompile>
    <ClCompile Include="..\external\directxtex\WICTextureLoader\WICTextureLoader9.cpp">
      <Filter>external\directxtex\WICTextureLoader</Filter>
    </ClCompile>
    <ClCompile Include="..\source\CU\Input.cpp">
      <Filter>source\CU</Filter>
    </ClCompile>
    <ClCompile Include="..\source\CU\Random.cpp">
      <Filter>source\CU</Filter>
    </ClCompile>
    <ClCompile Include="..\source\Camera.cpp">
      <Filter>source</Filter>
    </ClCompile>
    <ClCompile Include="..\source\GraphicsEngine.cpp">
      <Filter>source</Filter>
    </ClCompile>
    <ClCompile Include="..\source\Light.cpp">
      <Filter>source</Filter>
    </ClCompile>
    <ClCompile Include="..\source\Primitive.cpp">
      <Filter>source</Filter>
    </ClCompile>
    <ClCompile Include="..\source\Texture.cpp">
      <Filter>source</Filter>
    </ClCompile>
    <ClCompile Include="..\source\main.cpp">
      <Filter>source</Filter>
    </ClCompile>
  </ItemGroup>
  <ItemGroup>
    <FxCompile Include="..\external\directxtex\DirectXTex\Shaders\BC6HEncode.hlsl">
      <Filter>external\directxtex\DirectXTex\Shaders</Filter>
    </FxCompile>
    <FxCompile Include="..\external\directxtex\DirectXTex\Shaders\BC7Encode.hlsl">
      <Filter>external\directxtex\DirectXTex\Shaders</Filter>
    </FxCompile>
    <FxCompile Include="..\source\color_PS.hlsl">
      <Filter>source</Filter>
    </FxCompile>
    <FxCompile Include="..\source\color_VS.hlsl">
      <Filter>source</Filter>
    </FxCompile>
  </ItemGroup>
  <ItemGroup>
    <None Include="..\source\CommonFunctions.hlsli">
      <Filter>source</Filter>
    </None>
    <None Include="..\source\PBRFunctions.hlsli">
      <Filter>source</Filter>
    </None>
    <None Include="..\source\ShaderCommon.hlsli">
      <Filter>source</Filter>
    </None>
    <None Include="..\source\ShaderStructs.hlsli">
      <Filter>source</Filter>
    </None>
  </ItemGroup>
</Project>